
Microsoft Visual Studio Solution File, Format Version 12.00
# Visual Studio Version 16
VisualStudioVersion = 16.0.30413.136
MinimumVisualStudioVersion = 10.0.40219.1
Project("{FAE04EC0-301F-11D3-BF4B-00C04F79EFBC}") = "CoreChatApiBack", "CoreChatApiBack\CoreChatApiBack.csproj", "{D8C895A4-C152-460F-9B19-C2F48AF4CAA8}"
EndProject
Global
	GlobalSection(SolutionConfigurationPlatforms) = preSolution
		Debug|Any CPU = Debug|Any CPU
		Release|Any CPU = Release|Any CPU
	EndGlobalSection
	GlobalSection(ProjectConfigurationPlatforms) = postSolution
		{D8C895A4-C152-460F-9B19-C2F48AF4CAA8}.Debug|Any CPU.ActiveCfg = Debug|Any CPU
		{D8C895A4-C152-460F-9B19-C2F48AF4CAA8}.Debug|Any CPU.Build.0 = Debug|Any CPU
		{D8C895A4-C152-460F-9B19-C2F48AF4CAA8}.Release|Any CPU.ActiveCfg = Release|Any CPU
		{D8C895A4-C152-460F-9B19-C2F48AF4CAA8}.Release|Any CPU.Build.0 = Release|Any CPU
	EndGlobalSection
	GlobalSection(SolutionProperties) = preSolution
		HideSolutionNode = FALSE
	EndGlobalSection
	GlobalSection(ExtensibilityGlobals) = postSolution
		SolutionGuid = {E7868C9A-EFFD-4945-A7CD-ABE7744FA89B}
	EndGlobalSection
EndGlobal
